Microsoft Visual Studio Solution File, Format Version 12.00
# Visual Studio Version 17
VisualStudioVersion = 17.5.2.0
MinimumVisualStudioVersion = 10.0.40219.1
Project("{FAE04EC0-301F-11D3-BF4B-00C04F79EFBC}") = "Ecommerce.Application", "Ecommerce.Application.csproj", "{D616E924-F73C-CAAA-C2E1-5CA3452CCE25}"
EndProject
Global
	GlobalSection(SolutionConfigurationPlatforms) = preSolution
		Debug|Any CPU = Debug|Any CPU
		Release|Any CPU = Release|Any CPU
	EndGlobalSection
	GlobalSection(ProjectConfigurationPlatforms) = postSolution
		{D616E924-F73C-CAAA-C2E1-5CA3452CCE25}.Debug|Any CPU.ActiveCfg = Debug|Any CPU
		{D616E924-F73C-CAAA-C2E1-5CA3452CCE25}.Debug|Any CPU.Build.0 = Debug|Any CPU
		{D616E924-F73C-CAAA-C2E1-5CA3452CCE25}.Release|Any CPU.ActiveCfg = Release|Any CPU
		{D616E924-F73C-CAAA-C2E1-5CA3452CCE25}.Release|Any CPU.Build.0 = Release|Any CPU
	EndGlobalSection
	GlobalSection(SolutionProperties) = preSolution
		HideSolutionNode = FALSE
	EndGlobalSection
	GlobalSection(ExtensibilityGlobals) = postSolution
		SolutionGuid = {0F627F00-E881-4E32-BEC6-4FB5A04DB854}
	EndGlobalSection
EndGlobal
